
Microsoft Visual Studio Solution File, Format Version 12.00
# Visual Studio Version 17
VisualStudioVersion = 17.10.34928.147
MinimumVisualStudioVersion = 10.0.40219.1
Project("{FAE04EC0-301F-11D3-BF4B-00C04F79EFBC}") = "CartService", "CartService.csproj", "{38649638-E58E-43EC-A7EE-999B248F642C}"
EndProject
Global
	GlobalSection(SolutionConfigurationPlatforms) = preSolution
		Debug|Any CPU = Debug|Any CPU
		Release|Any CPU = Release|Any CPU
	EndGlobalSection
	GlobalSection(ProjectConfigurationPlatforms) = postSolution
		{38649638-E58E-43EC-A7EE-999B248F642C}.Debug|Any CPU.ActiveCfg = Debug|Any CPU
		{38649638-E58E-43EC-A7EE-999B248F642C}.Debug|Any CPU.Build.0 = Debug|Any CPU
		{38649638-E58E-43EC-A7EE-999B248F642C}.Release|Any CPU.ActiveCfg = Release|Any CPU
		{38649638-E58E-43EC-A7EE-999B248F642C}.Release|Any CPU.Build.0 = Release|Any CPU
	EndGlobalSection
	GlobalSection(SolutionProperties) = preSolution
		HideSolutionNode = FALSE
	EndGlobalSection
	GlobalSection(ExtensibilityGlobals) = postSolution
		SolutionGuid = {DFDC04CD-A71D-45BC-A98B-0E33CBB5EE97}
	EndGlobalSection
EndGlobal
